
Microsoft Visual Studio Solution File, Format Version 12.00
# Visual Studio Version 17
VisualStudioVersion = 17.4.33027.239
MinimumVisualStudioVersion = 10.0.40219.1
Project("{9A19103F-16F7-4668-BE54-9A1E7A4F7556}") = "CoderSlave.Core", "CoderSlave.Core\CoderSlave.Core.csproj", "{5A3C72EE-11F1-4D21-9B2E-558A6E902FEF}"
EndProject
Project("{9A19103F-16F7-4668-BE54-9A1E7A4F7556}") = "CoderSlave.App", "CoderSlave.App\CoderSlave.App.csproj", "{584C0BCB-B9E6-4711-AF70-DF9AE5C50483}"
EndProject
Global
	GlobalSection(SolutionConfigurationPlatforms) = preSolution
		Debug|Any CPU = Debug|Any CPU
		Release|Any CPU = Release|Any CPU
	EndGlobalSection
	GlobalSection(ProjectConfigurationPlatforms) = postSolution
		{5A3C72EE-11F1-4D21-9B2E-558A6E902FEF}.Debug|Any CPU.ActiveCfg = Debug|Any CPU
		{5A3C72EE-11F1-4D21-9B2E-558A6E902FEF}.Debug|Any CPU.Build.0 = Debug|Any CPU
		{5A3C72EE-11F1-4D21-9B2E-558A6E902FEF}.Release|Any CPU.ActiveCfg = Release|Any CPU
		{5A3C72EE-11F1-4D21-9B2E-558A6E902FEF}.Release|Any CPU.Build.0 = Release|Any CPU
		{584C0BCB-B9E6-4711-AF70-DF9AE5C50483}.Debug|Any CPU.ActiveCfg = Debug|Any CPU
		{584C0BCB-B9E6-4711-AF70-DF9AE5C50483}.Debug|Any CPU.Build.0 = Debug|Any CPU
		{584C0BCB-B9E6-4711-AF70-DF9AE5C50483}.Release|Any CPU.ActiveCfg = Release|Any CPU
		{584C0BCB-B9E6-4711-AF70-DF9AE5C50483}.Release|Any CPU.Build.0 = Release|Any CPU
	EndGlobalSection
	GlobalSection(SolutionProperties) = preSolution
		HideSolutionNode = FALSE
	EndGlobalSection
	GlobalSection(ExtensibilityGlobals) = postSolution
		SolutionGuid = {561B05AE-60EA-4E90-B3EA-E0DA3E69016A}
	EndGlobalSection
EndGlobal
